
Microsoft Visual Studio Solution File, Format Version 12.00
# Visual Studio 15
VisualStudioVersion = 15.0.26124.0
MinimumVisualStudioVersion = 15.0.26124.0
Project("{FAE04EC0-301F-11D3-BF4B-00C04F79EFBC}") = "MagicTranslatorGlosser", "MagicTranslatorGlosser\MagicTranslatorGlosser.csproj", "{FCFA74C0-EE11-442A-8D78-34A7BFF375EB}"
EndProject
Project("{FAE04EC0-301F-11D3-BF4B-00C04F79EFBC}") = "DidacticalEnigma.CLI.Common", "DidacticalEnigma.CLI.Common\DidacticalEnigma.CLI.Common.csproj", "{7B6BE05C-353A-431D-9152-47F009FF3299}"
EndProject
Project("{FAE04EC0-301F-11D3-BF4B-00C04F79EFBC}") = "DidacticalEnigma.CLI.NetCore", "DidacticalEnigma.CLI.NetCore\DidacticalEnigma.CLI.NetCore.csproj", "{C3AB2909-816A-47B0-BD40-4C1BD0D861AD}"
EndProject
Project("{FAE04EC0-301F-11D3-BF4B-00C04F79EFBC}") = "DidacticalEnigma.CLI.NetFramework", "DidacticalEnigma.CLI.NetFramework\DidacticalEnigma.CLI.NetFramework.csproj", "{2138B507-6129-4352-97DC-6038F52E9B1C}"
EndProject
Project("{FAE04EC0-301F-11D3-BF4B-00C04F79EFBC}") = "MemImporter", "MemImporter\MemImporter.csproj", "{617663D7-633E-4B17-8515-CD5CE4F119F9}"
EndProject
Project("{FAE04EC0-301F-11D3-BF4B-00C04F79EFBC}") = "DidacticalEnigma.Updater", "DidacticalEnigma.Updater\DidacticalEnigma.Updater.csproj", "{CBFB0E52-EAE9-4BB9-8AEF-2FC839E99711}"
EndProject
Project("{FAE04EC0-301F-11D3-BF4B-00C04F79EFBC}") = "DidacticalEnigma.Updater.CLI", "DidacticalEnigma.Updater.CLI\DidacticalEnigma.Updater.CLI.csproj", "{762572D7-CE00-4ACC-8558-3D4A5BA81DBA}"
EndProject
Global
	GlobalSection(SolutionConfigurationPlatforms) = preSolution
		Debug|Any CPU = Debug|Any CPU
		Debug|x64 = Debug|x64
		Debug|x86 = Debug|x86
		Release|Any CPU = Release|Any CPU
		Release|x64 = Release|x64
		Release|x86 = Release|x86
	EndGlobalSection
	GlobalSection(SolutionProperties) = preSolution
		HideSolutionNode = FALSE
	EndGlobalSection
	GlobalSection(ProjectConfigurationPlatforms) = postSolution
		{FCFA74C0-EE11-442A-8D78-34A7BFF375EB}.Debug|Any CPU.ActiveCfg = Debug|Any CPU
		{FCFA74C0-EE11-442A-8D78-34A7BFF375EB}.Debug|Any CPU.Build.0 = Debug|Any CPU
		{FCFA74C0-EE11-442A-8D78-34A7BFF375EB}.Debug|x64.ActiveCfg = Debug|Any CPU
		{FCFA74C0-EE11-442A-8D78-34A7BFF375EB}.Debug|x64.Build.0 = Debug|Any CPU
		{FCFA74C0-EE11-442A-8D78-34A7BFF375EB}.Debug|x86.ActiveCfg = Debug|Any CPU
		{FCFA74C0-EE11-442A-8D78-34A7BFF375EB}.Debug|x86.Build.0 = Debug|Any CPU
		{FCFA74C0-EE11-442A-8D78-34A7BFF375EB}.Release|Any CPU.ActiveCfg = Release|Any CPU
		{FCFA74C0-EE11-442A-8D78-34A7BFF375EB}.Release|Any CPU.Build.0 = Release|Any CPU
		{FCFA74C0-EE11-442A-8D78-34A7BFF375EB}.Release|x64.ActiveCfg = Release|Any CPU
		{FCFA74C0-EE11-442A-8D78-34A7BFF375EB}.Release|x64.Build.0 = Release|Any CPU
		{FCFA74C0-EE11-442A-8D78-34A7BFF375EB}.Release|x86.ActiveCfg = Release|Any CPU
		{FCFA74C0-EE11-442A-8D78-34A7BFF375EB}.Release|x86.Build.0 = Release|Any CPU
		{7B6BE05C-353A-431D-9152-47F009FF3299}.Debug|Any CPU.ActiveCfg = Debug|Any CPU
		{7B6BE05C-353A-431D-9152-47F009FF3299}.Debug|Any CPU.Build.0 = Debug|Any CPU
		{7B6BE05C-353A-431D-9152-47F009FF3299}.Debug|x64.ActiveCfg = Debug|Any CPU
		{7B6BE05C-353A-431D-9152-47F009FF3299}.Debug|x64.Build.0 = Debug|Any CPU
		{7B6BE05C-353A-431D-9152-47F009FF3299}.Debug|x86.ActiveCfg = Debug|Any CPU
		{7B6BE05C-353A-431D-9152-47F009FF3299}.Debug|x86.Build.0 = Debug|Any CPU
		{7B6BE05C-353A-431D-9152-47F009FF3299}.Release|Any CPU.ActiveCfg = Release|Any CPU
		{7B6BE05C-353A-431D-9152-47F009FF3299}.Release|Any CPU.Build.0 = Release|Any CPU
		{7B6BE05C-353A-431D-9152-47F009FF3299}.Release|x64.ActiveCfg = Release|Any CPU
		{7B6BE05C-353A-431D-9152-47F009FF3299}.Release|x64.Build.0 = Release|Any CPU
		{7B6BE05C-353A-431D-9152-47F009FF3299}.Release|x86.ActiveCfg = Release|Any CPU
		{7B6BE05C-353A-431D-9152-47F009FF3299}.Release|x86.Build.0 = Release|Any CPU
		{C3AB2909-816A-47B0-BD40-4C1BD0D861AD}.Debug|Any CPU.ActiveCfg = Debug|Any CPU
		{C3AB2909-816A-47B0-BD40-4C1BD0D861AD}.Debug|Any CPU.Build.0 = Debug|Any CPU
		{C3AB2909-816A-47B0-BD40-4C1BD0D861AD}.Debug|x64.ActiveCfg = Debug|Any CPU
		{C3AB2909-816A-47B0-BD40-4C1BD0D861AD}.Debug|x64.Build.0 = Debug|Any CPU
		{C3AB2909-816A-47B0-BD40-4C1BD0D861AD}.Debug|x86.ActiveCfg = Debug|Any CPU
		{C3AB2909-816A-47B0-BD40-4C1BD0D861AD}.Debug|x86.Build.0 = Debug|Any CPU
		{C3AB2909-816A-47B0-BD40-4C1BD0D861AD}.Release|Any CPU.ActiveCfg = Release|Any CPU
		{C3AB2909-816A-47B0-BD40-4C1BD0D861AD}.Release|Any CPU.Build.0 = Release|Any CPU
		{C3AB2909-816A-47B0-BD40-4C1BD0D861AD}.Release|x64.ActiveCfg = Release|Any CPU
		{C3AB2909-816A-47B0-BD40-4C1BD0D861AD}.Release|x64.Build.0 = Release|Any CPU
		{C3AB2909-816A-47B0-BD40-4C1BD0D861AD}.Release|x86.ActiveCfg = Release|Any CPU
		{C3AB2909-816A-47B0-BD40-4C1BD0D861AD}.Release|x86.Build.0 = Release|Any CPU
		{2138B507-6129-4352-97DC-6038F52E9B1C}.Debug|Any CPU.ActiveCfg = Debug|Any CPU
		{2138B507-6129-4352-97DC-6038F52E9B1C}.Debug|Any CPU.Build.0 = Debug|Any CPU
		{2138B507-6129-4352-97DC-6038F52E9B1C}.Debug|x64.ActiveCfg = Debug|Any CPU
		{2138B507-6129-4352-97DC-6038F52E9B1C}.Debug|x64.Build.0 = Debug|Any CPU
		{2138B507-6129-4352-97DC-6038F52E9B1C}.Debug|x86.ActiveCfg = Debug|Any CPU
		{2138B507-6129-4352-97DC-6038F52E9B1C}.Debug|x86.Build.0 = Debug|Any CPU
		{2138B507-6129-4352-97DC-6038F52E9B1C}.Release|Any CPU.ActiveCfg = Release|Any CPU
		{2138B507-6129-4352-97DC-6038F52E9B1C}.Release|Any CPU.Build.0 = Release|Any CPU
		{2138B507-6129-4352-97DC-6038F52E9B1C}.Release|x64.ActiveCfg = Release|Any CPU
		{2138B507-6129-4352-97DC-6038F52E9B1C}.Release|x64.Build.0 = Release|Any CPU
		{2138B507-6129-4352-97DC-6038F52E9B1C}.Release|x86.ActiveCfg = Release|Any CPU
		{2138B507-6129-4352-97DC-6038F52E9B1C}.Release|x86.Build.0 = Release|Any CPU
		{617663D7-633E-4B17-8515-CD5CE4F119F9}.Debug|Any CPU.ActiveCfg = Debug|Any CPU
		{617663D7-633E-4B17-8515-CD5CE4F119F9}.Debug|Any CPU.Build.0 = Debug|Any CPU
		{617663D7-633E-4B17-8515-CD5CE4F119F9}.Debug|x64.ActiveCfg = Debug|Any CPU
		{617663D7-633E-4B17-8515-CD5CE4F119F9}.Debug|x64.Build.0 = Debug|Any CPU
		{617663D7-633E-4B17-8515-CD5CE4F119F9}.Debug|x86.ActiveCfg = Debug|Any CPU
		{617663D7-633E-4B17-8515-CD5CE4F119F9}.Debug|x86.Build.0 = Debug|Any CPU
		{617663D7-633E-4B17-8515-CD5CE4F119F9}.Release|Any CPU.ActiveCfg = Release|Any CPU
		{617663D7-633E-4B17-8515-CD5CE4F119F9}.Release|Any CPU.Build.0 = Release|Any CPU
		{617663D7-633E-4B17-8515-CD5CE4F119F9}.Release|x64.ActiveCfg = Release|Any CPU
		{617663D7-633E-4B17-8515-CD5CE4F119F9}.Release|x64.Build.0 = Release|Any CPU
		{617663D7-633E-4B17-8515-CD5CE4F119F9}.Release|x86.ActiveCfg = Release|Any CPU
		{617663D7-633E-4B17-8515-CD5CE4F119F9}.Release|x86.Build.0 = Release|Any CPU
		{CBFB0E52-EAE9-4BB9-8AEF-2FC839E99711}.Debug|Any CPU.ActiveCfg = Debug|Any CPU
		{CBFB0E52-EAE9-4BB9-8AEF-2FC839E99711}.Debug|Any CPU.Build.0 = Debug|Any CPU
		{CBFB0E52-EAE9-4BB9-8AEF-2FC839E99711}.Debug|x64.ActiveCfg = Debug|Any CPU
		{CBFB0E52-EAE9-4BB9-8AEF-2FC839E99711}.Debug|x64.Build.0 = Debug|Any CPU
		{CBFB0E52-EAE9-4BB9-8AEF-2FC839E99711}.Debug|x86.ActiveCfg = Debug|Any CPU
		{CBFB0E52-EAE9-4BB9-8AEF-2FC839E99711}.Debug|x86.Build.0 = Debug|Any CPU
		{CBFB0E52-EAE9-4BB9-8AEF-2FC839E99711}.Release|Any CPU.ActiveCfg = Release|Any CPU
		{CBFB0E52-EAE9-4BB9-8AEF-2FC839E99711}.Release|Any CPU.Build.0 = Release|Any CPU
		{CBFB0E52-EAE9-4BB9-8AEF-2FC839E99711}.Release|x64.ActiveCfg = Release|Any CPU
		{CBFB0E52-EAE9-4BB9-8AEF-2FC839E99711}.Release|x64.Build.0 = Release|Any CPU
		{CBFB0E52-EAE9-4BB9-8AEF-2FC839E99711}.Release|x86.ActiveCfg = Release|Any CPU
		{CBFB0E52-EAE9-4BB9-8AEF-2FC839E99711}.Release|x86.Build.0 = Release|Any CPU
		{762572D7-CE00-4ACC-8558-3D4A5BA81DBA}.Debug|Any CPU.ActiveCfg = Debug|Any CPU
		{762572D7-CE00-4ACC-8558-3D4A5BA81DBA}.Debug|Any CPU.Build.0 = Debug|Any CPU
		{762572D7-CE00-4ACC-8558-3D4A5BA81DBA}.Debug|x64.ActiveCfg = Debug|Any CPU
		{762572D7-CE00-4ACC-8558-3D4A5BA81DBA}.Debug|x64.Build.0 = Debug|Any CPU
		{762572D7-CE00-4ACC-8558-3D4A5BA81DBA}.Debug|x86.ActiveCfg = Debug|Any CPU
		{762572D7-CE00-4ACC-8558-3D4A5BA81DBA}.Debug|x86.Build.0 = Debug|Any CPU
		{762572D7-CE00-4ACC-8558-3D4A5BA81DBA}.Release|Any CPU.ActiveCfg = Release|Any CPU
		{762572D7-CE00-4ACC-8558-3D4A5BA81DBA}.Release|Any CPU.Build.0 = Release|Any CPU
		{762572D7-CE00-4ACC-8558-3D4A5BA81DBA}.Release|x64.ActiveCfg = Release|Any CPU
		{762572D7-CE00-4ACC-8558-3D4A5BA81DBA}.Release|x64.Build.0 = Release|Any CPU
		{762572D7-CE00-4ACC-8558-3D4A5BA81DBA}.Release|x86.ActiveCfg = Release|Any CPU
		{762572D7-CE00-4ACC-8558-3D4A5BA81DBA}.Release|x86.Build.0 = Release|Any CPU
	EndGlobalSection
EndGlobal
