
Microsoft Visual Studio Solution File, Format Version 12.00
# Visual Studio 15
VisualStudioVersion = 15.0.26124.0
MinimumVisualStudioVersion = 15.0.26124.0
Project("{FAE04EC0-301F-11D3-BF4B-00C04F79EFBC}") = "MagicTranslatorGlosser", "MagicTranslatorGlosser\MagicTranslatorGlosser.csproj", "{FCFA74C0-EE11-442A-8D78-34A7BFF375EB}"
EndProject
Project("{FAE04EC0-301F-11D3-BF4B-00C04F79EFBC}") = "MemImporter", "MemImporter\MemImporter.csproj", "{617663D7-633E-4B17-8515-CD5CE4F119F9}"
EndProject
Project("{FAE04EC0-301F-11D3-BF4B-00C04F79EFBC}") = "DidacticalEnigma.Updater", "DidacticalEnigma.Updater\DidacticalEnigma.Updater.csproj", "{CBFB0E52-EAE9-4BB9-8AEF-2FC839E99711}"
EndProject
Project("{FAE04EC0-301F-11D3-BF4B-00C04F79EFBC}") = "DidacticalEnigma.Updater.CLI", "DidacticalEnigma.Updater.CLI\DidacticalEnigma.Updater.CLI.csproj", "{762572D7-CE00-4ACC-8558-3D4A5BA81DBA}"
EndProject
Project("{FAE04EC0-301F-11D3-BF4B-00C04F79EFBC}") = "DidacticalEnigma.IronPython", "DidacticalEnigma.IronPython\DidacticalEnigma.IronPython.csproj", "{192A83AA-383F-4178-93A4-2612ECD386BB}"
EndProject
Project("{FAE04EC0-301F-11D3-BF4B-00C04F79EFBC}") = "DidacticalEnigma.IronPython.CLI", "DidacticalEnigma.IronPython.CLI\DidacticalEnigma.IronPython.CLI.csproj", "{185829B2-E5CF-4EF2-A3E8-EE9FA49B12B1}"
EndProject
Project("{FAE04EC0-301F-11D3-BF4B-00C04F79EFBC}") = "DidacticalEnigma.Mem.Client", "DidacticalEnigma.Mem.Client\DidacticalEnigma.Mem.Client.csproj", "{66DB3493-5F97-4CEB-B46F-4179B207005A}"
EndProject
Project("{FAE04EC0-301F-11D3-BF4B-00C04F79EFBC}") = "DidacticalEnigma.Mem.Client.Demo", "DidacticalEnigma.Mem.Client.Demo\DidacticalEnigma.Mem.Client.Demo.csproj", "{BC136DDA-5B3F-4C14-B9C4-BB4C999CED6D}"
EndProject
Project("{FAE04EC0-301F-11D3-BF4B-00C04F79EFBC}") = "DidacticalEnigma.Mem.DataSource", "DidacticalEnigma.Mem.DataSource\DidacticalEnigma.Mem.DataSource.csproj", "{59F49711-E805-45C6-9343-EC2E39C80C1A}"
EndProject
Project("{FAE04EC0-301F-11D3-BF4B-00C04F79EFBC}") = "DidacticalEnigma.SugoiSuite", "DidacticalEnigma.SugoiSuite\DidacticalEnigma.SugoiSuite.csproj", "{96DBBB47-EF9E-486D-8CB3-F2A1BA2B8B1F}"
EndProject
Project("{FAE04EC0-301F-11D3-BF4B-00C04F79EFBC}") = "DidacticalEnigma.SugoiJapaneseTranslatorDataSource", "DidacticalEnigma.SugoiJapaneseTranslatorDataSource\DidacticalEnigma.SugoiJapaneseTranslatorDataSource.csproj", "{7BBA5585-26F7-4741-BCFD-7EA42F2F06DB}"
EndProject
Project("{FAE04EC0-301F-11D3-BF4B-00C04F79EFBC}") = "DidacticalEnigma.Darknet", "DidacticalEnigma.Darknet\DidacticalEnigma.Darknet.csproj", "{B198A10B-E75D-4891-9DF9-2B8DEBA3E664}"
EndProject
Project("{FAE04EC0-301F-11D3-BF4B-00C04F79EFBC}") = "DidacticalEnigma.Darknet.CLI", "DidacticalEnigma.Darknet.CLI\DidacticalEnigma.Darknet.CLI.csproj", "{5A28327A-2C2B-4E7E-901E-7622AA3A3D9E}"
EndProject
Project("{FAE04EC0-301F-11D3-BF4B-00C04F79EFBC}") = "Sandbox", "Sandbox\Sandbox.csproj", "{E1C01A7B-FBC5-4123-9EE1-EA9C860A9A90}"
EndProject
Project("{FAE04EC0-301F-11D3-BF4B-00C04F79EFBC}") = "DidacticalEnigma.LibreTranslate", "DidacticalEnigma.LibreTranslate\DidacticalEnigma.LibreTranslate.csproj", "{833F4E10-5FF2-4948-8D8C-EAA7EF36373B}"
EndProject
Project("{FAE04EC0-301F-11D3-BF4B-00C04F79EFBC}") = "DidacticalEnigma.LibreTranslateDataSource", "DidacticalEnigma.LibreTranslateDataSource\DidacticalEnigma.LibreTranslateDataSource.csproj", "{565C3CE0-4496-4181-9434-3472291B2913}"
EndProject
Global
	GlobalSection(SolutionConfigurationPlatforms) = preSolution
		Debug|Any CPU = Debug|Any CPU
		Debug|x64 = Debug|x64
		Debug|x86 = Debug|x86
		Release|Any CPU = Release|Any CPU
		Release|x64 = Release|x64
		Release|x86 = Release|x86
	EndGlobalSection
	GlobalSection(SolutionProperties) = preSolution
		HideSolutionNode = FALSE
	EndGlobalSection
	GlobalSection(ProjectConfigurationPlatforms) = postSolution
		{FCFA74C0-EE11-442A-8D78-34A7BFF375EB}.Debug|Any CPU.ActiveCfg = Debug|Any CPU
		{FCFA74C0-EE11-442A-8D78-34A7BFF375EB}.Debug|Any CPU.Build.0 = Debug|Any CPU
		{FCFA74C0-EE11-442A-8D78-34A7BFF375EB}.Debug|x64.ActiveCfg = Debug|Any CPU
		{FCFA74C0-EE11-442A-8D78-34A7BFF375EB}.Debug|x64.Build.0 = Debug|Any CPU
		{FCFA74C0-EE11-442A-8D78-34A7BFF375EB}.Debug|x86.ActiveCfg = Debug|Any CPU
		{FCFA74C0-EE11-442A-8D78-34A7BFF375EB}.Debug|x86.Build.0 = Debug|Any CPU
		{FCFA74C0-EE11-442A-8D78-34A7BFF375EB}.Release|Any CPU.ActiveCfg = Release|Any CPU
		{FCFA74C0-EE11-442A-8D78-34A7BFF375EB}.Release|Any CPU.Build.0 = Release|Any CPU
		{FCFA74C0-EE11-442A-8D78-34A7BFF375EB}.Release|x64.ActiveCfg = Release|Any CPU
		{FCFA74C0-EE11-442A-8D78-34A7BFF375EB}.Release|x64.Build.0 = Release|Any CPU
		{FCFA74C0-EE11-442A-8D78-34A7BFF375EB}.Release|x86.ActiveCfg = Release|Any CPU
		{FCFA74C0-EE11-442A-8D78-34A7BFF375EB}.Release|x86.Build.0 = Release|Any CPU
		{617663D7-633E-4B17-8515-CD5CE4F119F9}.Debug|Any CPU.ActiveCfg = Debug|Any CPU
		{617663D7-633E-4B17-8515-CD5CE4F119F9}.Debug|Any CPU.Build.0 = Debug|Any CPU
		{617663D7-633E-4B17-8515-CD5CE4F119F9}.Debug|x64.ActiveCfg = Debug|Any CPU
		{617663D7-633E-4B17-8515-CD5CE4F119F9}.Debug|x64.Build.0 = Debug|Any CPU
		{617663D7-633E-4B17-8515-CD5CE4F119F9}.Debug|x86.ActiveCfg = Debug|Any CPU
		{617663D7-633E-4B17-8515-CD5CE4F119F9}.Debug|x86.Build.0 = Debug|Any CPU
		{617663D7-633E-4B17-8515-CD5CE4F119F9}.Release|Any CPU.ActiveCfg = Release|Any CPU
		{617663D7-633E-4B17-8515-CD5CE4F119F9}.Release|Any CPU.Build.0 = Release|Any CPU
		{617663D7-633E-4B17-8515-CD5CE4F119F9}.Release|x64.ActiveCfg = Release|Any CPU
		{617663D7-633E-4B17-8515-CD5CE4F119F9}.Release|x64.Build.0 = Release|Any CPU
		{617663D7-633E-4B17-8515-CD5CE4F119F9}.Release|x86.ActiveCfg = Release|Any CPU
		{617663D7-633E-4B17-8515-CD5CE4F119F9}.Release|x86.Build.0 = Release|Any CPU
		{CBFB0E52-EAE9-4BB9-8AEF-2FC839E99711}.Debug|Any CPU.ActiveCfg = Debug|Any CPU
		{CBFB0E52-EAE9-4BB9-8AEF-2FC839E99711}.Debug|Any CPU.Build.0 = Debug|Any CPU
		{CBFB0E52-EAE9-4BB9-8AEF-2FC839E99711}.Debug|x64.ActiveCfg = Debug|Any CPU
		{CBFB0E52-EAE9-4BB9-8AEF-2FC839E99711}.Debug|x64.Build.0 = Debug|Any CPU
		{CBFB0E52-EAE9-4BB9-8AEF-2FC839E99711}.Debug|x86.ActiveCfg = Debug|Any CPU
		{CBFB0E52-EAE9-4BB9-8AEF-2FC839E99711}.Debug|x86.Build.0 = Debug|Any CPU
		{CBFB0E52-EAE9-4BB9-8AEF-2FC839E99711}.Release|Any CPU.ActiveCfg = Release|Any CPU
		{CBFB0E52-EAE9-4BB9-8AEF-2FC839E99711}.Release|Any CPU.Build.0 = Release|Any CPU
		{CBFB0E52-EAE9-4BB9-8AEF-2FC839E99711}.Release|x64.ActiveCfg = Release|Any CPU
		{CBFB0E52-EAE9-4BB9-8AEF-2FC839E99711}.Release|x64.Build.0 = Release|Any CPU
		{CBFB0E52-EAE9-4BB9-8AEF-2FC839E99711}.Release|x86.ActiveCfg = Release|Any CPU
		{CBFB0E52-EAE9-4BB9-8AEF-2FC839E99711}.Release|x86.Build.0 = Release|Any CPU
		{762572D7-CE00-4ACC-8558-3D4A5BA81DBA}.Debug|Any CPU.ActiveCfg = Debug|Any CPU
		{762572D7-CE00-4ACC-8558-3D4A5BA81DBA}.Debug|Any CPU.Build.0 = Debug|Any CPU
		{762572D7-CE00-4ACC-8558-3D4A5BA81DBA}.Debug|x64.ActiveCfg = Debug|Any CPU
		{762572D7-CE00-4ACC-8558-3D4A5BA81DBA}.Debug|x64.Build.0 = Debug|Any CPU
		{762572D7-CE00-4ACC-8558-3D4A5BA81DBA}.Debug|x86.ActiveCfg = Debug|Any CPU
		{762572D7-CE00-4ACC-8558-3D4A5BA81DBA}.Debug|x86.Build.0 = Debug|Any CPU
		{762572D7-CE00-4ACC-8558-3D4A5BA81DBA}.Release|Any CPU.ActiveCfg = Release|Any CPU
		{762572D7-CE00-4ACC-8558-3D4A5BA81DBA}.Release|Any CPU.Build.0 = Release|Any CPU
		{762572D7-CE00-4ACC-8558-3D4A5BA81DBA}.Release|x64.ActiveCfg = Release|Any CPU
		{762572D7-CE00-4ACC-8558-3D4A5BA81DBA}.Release|x64.Build.0 = Release|Any CPU
		{762572D7-CE00-4ACC-8558-3D4A5BA81DBA}.Release|x86.ActiveCfg = Release|Any CPU
		{762572D7-CE00-4ACC-8558-3D4A5BA81DBA}.Release|x86.Build.0 = Release|Any CPU
		{192A83AA-383F-4178-93A4-2612ECD386BB}.Debug|Any CPU.ActiveCfg = Debug|Any CPU
		{192A83AA-383F-4178-93A4-2612ECD386BB}.Debug|Any CPU.Build.0 = Debug|Any CPU
		{192A83AA-383F-4178-93A4-2612ECD386BB}.Debug|x64.ActiveCfg = Debug|Any CPU
		{192A83AA-383F-4178-93A4-2612ECD386BB}.Debug|x64.Build.0 = Debug|Any CPU
		{192A83AA-383F-4178-93A4-2612ECD386BB}.Debug|x86.ActiveCfg = Debug|Any CPU
		{192A83AA-383F-4178-93A4-2612ECD386BB}.Debug|x86.Build.0 = Debug|Any CPU
		{192A83AA-383F-4178-93A4-2612ECD386BB}.Release|Any CPU.ActiveCfg = Release|Any CPU
		{192A83AA-383F-4178-93A4-2612ECD386BB}.Release|Any CPU.Build.0 = Release|Any CPU
		{192A83AA-383F-4178-93A4-2612ECD386BB}.Release|x64.ActiveCfg = Release|Any CPU
		{192A83AA-383F-4178-93A4-2612ECD386BB}.Release|x64.Build.0 = Release|Any CPU
		{192A83AA-383F-4178-93A4-2612ECD386BB}.Release|x86.ActiveCfg = Release|Any CPU
		{192A83AA-383F-4178-93A4-2612ECD386BB}.Release|x86.Build.0 = Release|Any CPU
		{185829B2-E5CF-4EF2-A3E8-EE9FA49B12B1}.Debug|Any CPU.ActiveCfg = Debug|Any CPU
		{185829B2-E5CF-4EF2-A3E8-EE9FA49B12B1}.Debug|Any CPU.Build.0 = Debug|Any CPU
		{185829B2-E5CF-4EF2-A3E8-EE9FA49B12B1}.Debug|x64.ActiveCfg = Debug|Any CPU
		{185829B2-E5CF-4EF2-A3E8-EE9FA49B12B1}.Debug|x64.Build.0 = Debug|Any CPU
		{185829B2-E5CF-4EF2-A3E8-EE9FA49B12B1}.Debug|x86.ActiveCfg = Debug|Any CPU
		{185829B2-E5CF-4EF2-A3E8-EE9FA49B12B1}.Debug|x86.Build.0 = Debug|Any CPU
		{185829B2-E5CF-4EF2-A3E8-EE9FA49B12B1}.Release|Any CPU.ActiveCfg = Release|Any CPU
		{185829B2-E5CF-4EF2-A3E8-EE9FA49B12B1}.Release|Any CPU.Build.0 = Release|Any CPU
		{185829B2-E5CF-4EF2-A3E8-EE9FA49B12B1}.Release|x64.ActiveCfg = Release|Any CPU
		{185829B2-E5CF-4EF2-A3E8-EE9FA49B12B1}.Release|x64.Build.0 = Release|Any CPU
		{185829B2-E5CF-4EF2-A3E8-EE9FA49B12B1}.Release|x86.ActiveCfg = Release|Any CPU
		{185829B2-E5CF-4EF2-A3E8-EE9FA49B12B1}.Release|x86.Build.0 = Release|Any CPU
		{66DB3493-5F97-4CEB-B46F-4179B207005A}.Debug|Any CPU.ActiveCfg = Debug|Any CPU
		{66DB3493-5F97-4CEB-B46F-4179B207005A}.Debug|Any CPU.Build.0 = Debug|Any CPU
		{66DB3493-5F97-4CEB-B46F-4179B207005A}.Debug|x64.ActiveCfg = Debug|Any CPU
		{66DB3493-5F97-4CEB-B46F-4179B207005A}.Debug|x64.Build.0 = Debug|Any CPU
		{66DB3493-5F97-4CEB-B46F-4179B207005A}.Debug|x86.ActiveCfg = Debug|Any CPU
		{66DB3493-5F97-4CEB-B46F-4179B207005A}.Debug|x86.Build.0 = Debug|Any CPU
		{66DB3493-5F97-4CEB-B46F-4179B207005A}.Release|Any CPU.ActiveCfg = Release|Any CPU
		{66DB3493-5F97-4CEB-B46F-4179B207005A}.Release|Any CPU.Build.0 = Release|Any CPU
		{66DB3493-5F97-4CEB-B46F-4179B207005A}.Release|x64.ActiveCfg = Release|Any CPU
		{66DB3493-5F97-4CEB-B46F-4179B207005A}.Release|x64.Build.0 = Release|Any CPU
		{66DB3493-5F97-4CEB-B46F-4179B207005A}.Release|x86.ActiveCfg = Release|Any CPU
		{66DB3493-5F97-4CEB-B46F-4179B207005A}.Release|x86.Build.0 = Release|Any CPU
		{BC136DDA-5B3F-4C14-B9C4-BB4C999CED6D}.Debug|Any CPU.ActiveCfg = Debug|Any CPU
		{BC136DDA-5B3F-4C14-B9C4-BB4C999CED6D}.Debug|Any CPU.Build.0 = Debug|Any CPU
		{BC136DDA-5B3F-4C14-B9C4-BB4C999CED6D}.Debug|x64.ActiveCfg = Debug|Any CPU
		{BC136DDA-5B3F-4C14-B9C4-BB4C999CED6D}.Debug|x64.Build.0 = Debug|Any CPU
		{BC136DDA-5B3F-4C14-B9C4-BB4C999CED6D}.Debug|x86.ActiveCfg = Debug|Any CPU
		{BC136DDA-5B3F-4C14-B9C4-BB4C999CED6D}.Debug|x86.Build.0 = Debug|Any CPU
		{BC136DDA-5B3F-4C14-B9C4-BB4C999CED6D}.Release|Any CPU.ActiveCfg = Release|Any CPU
		{BC136DDA-5B3F-4C14-B9C4-BB4C999CED6D}.Release|Any CPU.Build.0 = Release|Any CPU
		{BC136DDA-5B3F-4C14-B9C4-BB4C999CED6D}.Release|x64.ActiveCfg = Release|Any CPU
		{BC136DDA-5B3F-4C14-B9C4-BB4C999CED6D}.Release|x64.Build.0 = Release|Any CPU
		{BC136DDA-5B3F-4C14-B9C4-BB4C999CED6D}.Release|x86.ActiveCfg = Release|Any CPU
		{BC136DDA-5B3F-4C14-B9C4-BB4C999CED6D}.Release|x86.Build.0 = Release|Any CPU
		{59F49711-E805-45C6-9343-EC2E39C80C1A}.Debug|Any CPU.ActiveCfg = Debug|Any CPU
		{59F49711-E805-45C6-9343-EC2E39C80C1A}.Debug|Any CPU.Build.0 = Debug|Any CPU
		{59F49711-E805-45C6-9343-EC2E39C80C1A}.Debug|x64.ActiveCfg = Debug|Any CPU
		{59F49711-E805-45C6-9343-EC2E39C80C1A}.Debug|x64.Build.0 = Debug|Any CPU
		{59F49711-E805-45C6-9343-EC2E39C80C1A}.Debug|x86.ActiveCfg = Debug|Any CPU
		{59F49711-E805-45C6-9343-EC2E39C80C1A}.Debug|x86.Build.0 = Debug|Any CPU
		{59F49711-E805-45C6-9343-EC2E39C80C1A}.Release|Any CPU.ActiveCfg = Release|Any CPU
		{59F49711-E805-45C6-9343-EC2E39C80C1A}.Release|Any CPU.Build.0 = Release|Any CPU
		{59F49711-E805-45C6-9343-EC2E39C80C1A}.Release|x64.ActiveCfg = Release|Any CPU
		{59F49711-E805-45C6-9343-EC2E39C80C1A}.Release|x64.Build.0 = Release|Any CPU
		{59F49711-E805-45C6-9343-EC2E39C80C1A}.Release|x86.ActiveCfg = Release|Any CPU
		{59F49711-E805-45C6-9343-EC2E39C80C1A}.Release|x86.Build.0 = Release|Any CPU
		{96DBBB47-EF9E-486D-8CB3-F2A1BA2B8B1F}.Debug|Any CPU.ActiveCfg = Debug|Any CPU
		{96DBBB47-EF9E-486D-8CB3-F2A1BA2B8B1F}.Debug|Any CPU.Build.0 = Debug|Any CPU
		{96DBBB47-EF9E-486D-8CB3-F2A1BA2B8B1F}.Debug|x64.ActiveCfg = Debug|Any CPU
		{96DBBB47-EF9E-486D-8CB3-F2A1BA2B8B1F}.Debug|x64.Build.0 = Debug|Any CPU
		{96DBBB47-EF9E-486D-8CB3-F2A1BA2B8B1F}.Debug|x86.ActiveCfg = Debug|Any CPU
		{96DBBB47-EF9E-486D-8CB3-F2A1BA2B8B1F}.Debug|x86.Build.0 = Debug|Any CPU
		{96DBBB47-EF9E-486D-8CB3-F2A1BA2B8B1F}.Release|Any CPU.ActiveCfg = Release|Any CPU
		{96DBBB47-EF9E-486D-8CB3-F2A1BA2B8B1F}.Release|Any CPU.Build.0 = Release|Any CPU
		{96DBBB47-EF9E-486D-8CB3-F2A1BA2B8B1F}.Release|x64.ActiveCfg = Release|Any CPU
		{96DBBB47-EF9E-486D-8CB3-F2A1BA2B8B1F}.Release|x64.Build.0 = Release|Any CPU
		{96DBBB47-EF9E-486D-8CB3-F2A1BA2B8B1F}.Release|x86.ActiveCfg = Release|Any CPU
		{96DBBB47-EF9E-486D-8CB3-F2A1BA2B8B1F}.Release|x86.Build.0 = Release|Any CPU
		{7BBA5585-26F7-4741-BCFD-7EA42F2F06DB}.Debug|Any CPU.ActiveCfg = Debug|Any CPU
		{7BBA5585-26F7-4741-BCFD-7EA42F2F06DB}.Debug|Any CPU.Build.0 = Debug|Any CPU
		{7BBA5585-26F7-4741-BCFD-7EA42F2F06DB}.Debug|x64.ActiveCfg = Debug|Any CPU
		{7BBA5585-26F7-4741-BCFD-7EA42F2F06DB}.Debug|x64.Build.0 = Debug|Any CPU
		{7BBA5585-26F7-4741-BCFD-7EA42F2F06DB}.Debug|x86.ActiveCfg = Debug|Any CPU
		{7BBA5585-26F7-4741-BCFD-7EA42F2F06DB}.Debug|x86.Build.0 = Debug|Any CPU
		{7BBA5585-26F7-4741-BCFD-7EA42F2F06DB}.Release|Any CPU.ActiveCfg = Release|Any CPU
		{7BBA5585-26F7-4741-BCFD-7EA42F2F06DB}.Release|Any CPU.Build.0 = Release|Any CPU
		{7BBA5585-26F7-4741-BCFD-7EA42F2F06DB}.Release|x64.ActiveCfg = Release|Any CPU
		{7BBA5585-26F7-4741-BCFD-7EA42F2F06DB}.Release|x64.Build.0 = Release|Any CPU
		{7BBA5585-26F7-4741-BCFD-7EA42F2F06DB}.Release|x86.ActiveCfg = Release|Any CPU
		{7BBA5585-26F7-4741-BCFD-7EA42F2F06DB}.Release|x86.Build.0 = Release|Any CPU
		{B198A10B-E75D-4891-9DF9-2B8DEBA3E664}.Debug|Any CPU.ActiveCfg = Debug|Any CPU
		{B198A10B-E75D-4891-9DF9-2B8DEBA3E664}.Debug|Any CPU.Build.0 = Debug|Any CPU
		{B198A10B-E75D-4891-9DF9-2B8DEBA3E664}.Debug|x64.ActiveCfg = Debug|Any CPU
		{B198A10B-E75D-4891-9DF9-2B8DEBA3E664}.Debug|x64.Build.0 = Debug|Any CPU
		{B198A10B-E75D-4891-9DF9-2B8DEBA3E664}.Debug|x86.ActiveCfg = Debug|Any CPU
		{B198A10B-E75D-4891-9DF9-2B8DEBA3E664}.Debug|x86.Build.0 = Debug|Any CPU
		{B198A10B-E75D-4891-9DF9-2B8DEBA3E664}.Release|Any CPU.ActiveCfg = Release|Any CPU
		{B198A10B-E75D-4891-9DF9-2B8DEBA3E664}.Release|Any CPU.Build.0 = Release|Any CPU
		{B198A10B-E75D-4891-9DF9-2B8DEBA3E664}.Release|x64.ActiveCfg = Release|Any CPU
		{B198A10B-E75D-4891-9DF9-2B8DEBA3E664}.Release|x64.Build.0 = Release|Any CPU
		{B198A10B-E75D-4891-9DF9-2B8DEBA3E664}.Release|x86.ActiveCfg = Release|Any CPU
		{B198A10B-E75D-4891-9DF9-2B8DEBA3E664}.Release|x86.Build.0 = Release|Any CPU
		{5A28327A-2C2B-4E7E-901E-7622AA3A3D9E}.Debug|Any CPU.ActiveCfg = Debug|Any CPU
		{5A28327A-2C2B-4E7E-901E-7622AA3A3D9E}.Debug|Any CPU.Build.0 = Debug|Any CPU
		{5A28327A-2C2B-4E7E-901E-7622AA3A3D9E}.Debug|x64.ActiveCfg = Debug|Any CPU
		{5A28327A-2C2B-4E7E-901E-7622AA3A3D9E}.Debug|x64.Build.0 = Debug|Any CPU
		{5A28327A-2C2B-4E7E-901E-7622AA3A3D9E}.Debug|x86.ActiveCfg = Debug|Any CPU
		{5A28327A-2C2B-4E7E-901E-7622AA3A3D9E}.Debug|x86.Build.0 = Debug|Any CPU
		{5A28327A-2C2B-4E7E-901E-7622AA3A3D9E}.Release|Any CPU.ActiveCfg = Release|Any CPU
		{5A28327A-2C2B-4E7E-901E-7622AA3A3D9E}.Release|Any CPU.Build.0 = Release|Any CPU
		{5A28327A-2C2B-4E7E-901E-7622AA3A3D9E}.Release|x64.ActiveCfg = Release|Any CPU
		{5A28327A-2C2B-4E7E-901E-7622AA3A3D9E}.Release|x64.Build.0 = Release|Any CPU
		{5A28327A-2C2B-4E7E-901E-7622AA3A3D9E}.Release|x86.ActiveCfg = Release|Any CPU
		{5A28327A-2C2B-4E7E-901E-7622AA3A3D9E}.Release|x86.Build.0 = Release|Any CPU
		{E1C01A7B-FBC5-4123-9EE1-EA9C860A9A90}.Debug|Any CPU.ActiveCfg = Debug|Any CPU
		{E1C01A7B-FBC5-4123-9EE1-EA9C860A9A90}.Debug|Any CPU.Build.0 = Debug|Any CPU
		{E1C01A7B-FBC5-4123-9EE1-EA9C860A9A90}.Debug|x64.ActiveCfg = Debug|Any CPU
		{E1C01A7B-FBC5-4123-9EE1-EA9C860A9A90}.Debug|x64.Build.0 = Debug|Any CPU
		{E1C01A7B-FBC5-4123-9EE1-EA9C860A9A90}.Debug|x86.ActiveCfg = Debug|Any CPU
		{E1C01A7B-FBC5-4123-9EE1-EA9C860A9A90}.Debug|x86.Build.0 = Debug|Any CPU
		{E1C01A7B-FBC5-4123-9EE1-EA9C860A9A90}.Release|Any CPU.ActiveCfg = Release|Any CPU
		{E1C01A7B-FBC5-4123-9EE1-EA9C860A9A90}.Release|Any CPU.Build.0 = Release|Any CPU
		{E1C01A7B-FBC5-4123-9EE1-EA9C860A9A90}.Release|x64.ActiveCfg = Release|Any CPU
		{E1C01A7B-FBC5-4123-9EE1-EA9C860A9A90}.Release|x64.Build.0 = Release|Any CPU
		{E1C01A7B-FBC5-4123-9EE1-EA9C860A9A90}.Release|x86.ActiveCfg = Release|Any CPU
		{E1C01A7B-FBC5-4123-9EE1-EA9C860A9A90}.Release|x86.Build.0 = Release|Any CPU
		{833F4E10-5FF2-4948-8D8C-EAA7EF36373B}.Debug|Any CPU.ActiveCfg = Debug|Any CPU
		{833F4E10-5FF2-4948-8D8C-EAA7EF36373B}.Debug|Any CPU.Build.0 = Debug|Any CPU
		{833F4E10-5FF2-4948-8D8C-EAA7EF36373B}.Debug|x64.ActiveCfg = Debug|Any CPU
		{833F4E10-5FF2-4948-8D8C-EAA7EF36373B}.Debug|x64.Build.0 = Debug|Any CPU
		{833F4E10-5FF2-4948-8D8C-EAA7EF36373B}.Debug|x86.ActiveCfg = Debug|Any CPU
		{833F4E10-5FF2-4948-8D8C-EAA7EF36373B}.Debug|x86.Build.0 = Debug|Any CPU
		{833F4E10-5FF2-4948-8D8C-EAA7EF36373B}.Release|Any CPU.ActiveCfg = Release|Any CPU
		{833F4E10-5FF2-4948-8D8C-EAA7EF36373B}.Release|Any CPU.Build.0 = Release|Any CPU
		{833F4E10-5FF2-4948-8D8C-EAA7EF36373B}.Release|x64.ActiveCfg = Release|Any CPU
		{833F4E10-5FF2-4948-8D8C-EAA7EF36373B}.Release|x64.Build.0 = Release|Any CPU
		{833F4E10-5FF2-4948-8D8C-EAA7EF36373B}.Release|x86.ActiveCfg = Release|Any CPU
		{833F4E10-5FF2-4948-8D8C-EAA7EF36373B}.Release|x86.Build.0 = Release|Any CPU
		{565C3CE0-4496-4181-9434-3472291B2913}.Debug|Any CPU.ActiveCfg = Debug|Any CPU
		{565C3CE0-4496-4181-9434-3472291B2913}.Debug|Any CPU.Build.0 = Debug|Any CPU
		{565C3CE0-4496-4181-9434-3472291B2913}.Debug|x64.ActiveCfg = Debug|Any CPU
		{565C3CE0-4496-4181-9434-3472291B2913}.Debug|x64.Build.0 = Debug|Any CPU
		{565C3CE0-4496-4181-9434-3472291B2913}.Debug|x86.ActiveCfg = Debug|Any CPU
		{565C3CE0-4496-4181-9434-3472291B2913}.Debug|x86.Build.0 = Debug|Any CPU
		{565C3CE0-4496-4181-9434-3472291B2913}.Release|Any CPU.ActiveCfg = Release|Any CPU
		{565C3CE0-4496-4181-9434-3472291B2913}.Release|Any CPU.Build.0 = Release|Any CPU
		{565C3CE0-4496-4181-9434-3472291B2913}.Release|x64.ActiveCfg = Release|Any CPU
		{565C3CE0-4496-4181-9434-3472291B2913}.Release|x64.Build.0 = Release|Any CPU
		{565C3CE0-4496-4181-9434-3472291B2913}.Release|x86.ActiveCfg = Release|Any CPU
		{565C3CE0-4496-4181-9434-3472291B2913}.Release|x86.Build.0 = Release|Any CPU
	EndGlobalSection
EndGlobal
